
Microsoft Visual Studio Solution File, Format Version 12.00
# Visual Studio Version 16
VisualStudioVersion = 16.0.30717.126
MinimumVisualStudioVersion = 10.0.40219.1
Project("{9A19103F-16F7-4668-BE54-9A1E7A4F7556}") = "Videos", "Videos\Videos.csproj", "{801BC1B1-216A-4C75-BE99-7D2DF05BE0A5}"
EndProject
Project("{9A19103F-16F7-4668-BE54-9A1E7A4F7556}") = "CameforTools", "CameforTools\CameforTools.csproj", "{0F8A8F83-F628-4601-AAF7-55A6694BED4C}"
EndProject
Project("{FAE04EC0-301F-11D3-BF4B-00C04F79EFBC}") = "WindowsFormsApp1", "WindowsFormsApp1\WindowsFormsApp1.csproj", "{DE533DF5-41A2-49C6-AB20-C0067C364169}"
EndProject
Global
	GlobalSection(SolutionConfigurationPlatforms) = preSolution
		Debug|Any CPU = Debug|Any CPU
		Release|Any CPU = Release|Any CPU
	EndGlobalSection
	GlobalSection(ProjectConfigurationPlatforms) = postSolution
		{801BC1B1-216A-4C75-BE99-7D2DF05BE0A5}.Debug|Any CPU.ActiveCfg = Debug|Any CPU
		{801BC1B1-216A-4C75-BE99-7D2DF05BE0A5}.Debug|Any CPU.Build.0 = Debug|Any CPU
		{801BC1B1-216A-4C75-BE99-7D2DF05BE0A5}.Release|Any CPU.ActiveCfg = Release|Any CPU
		{801BC1B1-216A-4C75-BE99-7D2DF05BE0A5}.Release|Any CPU.Build.0 = Release|Any CPU
		{0F8A8F83-F628-4601-AAF7-55A6694BED4C}.Debug|Any CPU.ActiveCfg = Debug|Any CPU
		{0F8A8F83-F628-4601-AAF7-55A6694BED4C}.Debug|Any CPU.Build.0 = Debug|Any CPU
		{0F8A8F83-F628-4601-AAF7-55A6694BED4C}.Release|Any CPU.ActiveCfg = Release|Any CPU
		{0F8A8F83-F628-4601-AAF7-55A6694BED4C}.Release|Any CPU.Build.0 = Release|Any CPU
		{DE533DF5-41A2-49C6-AB20-C0067C364169}.Debug|Any CPU.ActiveCfg = Debug|Any CPU
		{DE533DF5-41A2-49C6-AB20-C0067C364169}.Debug|Any CPU.Build.0 = Debug|Any CPU
		{DE533DF5-41A2-49C6-AB20-C0067C364169}.Release|Any CPU.ActiveCfg = Release|Any CPU
		{DE533DF5-41A2-49C6-AB20-C0067C364169}.Release|Any CPU.Build.0 = Release|Any CPU
	EndGlobalSection
	GlobalSection(SolutionProperties) = preSolution
		HideSolutionNode = FALSE
	EndGlobalSection
	GlobalSection(ExtensibilityGlobals) = postSolution
		SolutionGuid = {F72022DB-08F4-49B8-AE2F-F28C962F4246}
	EndGlobalSection
EndGlobal
